
Microsoft Visual Studio Solution File, Format Version 12.00
# Visual Studio Version 17
VisualStudioVersion = 17.3.32929.385
MinimumVisualStudioVersion = 10.0.40219.1
Project("{E24C65DC-7377-472B-9ABA-BC803B73C61A}") = "Webform_application", "Webform_application\", "{4133334C-CAAD-48C6-A652-6DFC28A20D05}"
	ProjectSection(WebsiteProperties) = preProject
		TargetFrameworkMoniker = ".NETFramework,Version%3Dv4.7.2"
		Debug.AspNetCompiler.VirtualPath = "/localhost_62202"
		Debug.AspNetCompiler.PhysicalPath = "Webform_application\"
		Debug.AspNetCompiler.TargetPath = "PrecompiledWeb\localhost_62202\"
		Debug.AspNetCompiler.Updateable = "true"
		Debug.AspNetCompiler.ForceOverwrite = "true"
		Debug.AspNetCompiler.FixedNames = "false"
		Debug.AspNetCompiler.Debug = "True"
		Release.AspNetCompiler.VirtualPath = "/localhost_62202"
		Release.AspNetCompiler.PhysicalPath = "Webform_application\"
		Release.AspNetCompiler.TargetPath = "PrecompiledWeb\localhost_62202\"
		Release.AspNetCompiler.Updateable = "true"
		Release.AspNetCompiler.ForceOverwrite = "true"
		Release.AspNetCompiler.FixedNames = "false"
		Release.AspNetCompiler.Debug = "False"
		VWDPort = "62202"
		SlnRelativePath = "Webform_application\"
		DefaultWebSiteLanguage = "Visual C#"
	EndProjectSection
EndProject
Global
	GlobalSection(SolutionConfigurationPlatforms) = preSolution
		Debug|Any CPU = Debug|Any CPU
	EndGlobalSection
	GlobalSection(ProjectConfigurationPlatforms) = postSolution
		{4133334C-CAAD-48C6-A652-6DFC28A20D05}.Debug|Any CPU.ActiveCfg = Debug|Any CPU
		{4133334C-CAAD-48C6-A652-6DFC28A20D05}.Debug|Any CPU.Build.0 = Debug|Any CPU
	EndGlobalSection
	GlobalSection(SolutionProperties) = preSolution
		HideSolutionNode = FALSE
	EndGlobalSection
	GlobalSection(ExtensibilityGlobals) = postSolution
		SolutionGuid = {80348257-14BA-4591-9C4E-7C835002AAE5}
	EndGlobalSection
EndGlobal
